
Microsoft Visual Studio Solution File, Format Version 12.00
# Visual Studio 15
VisualStudioVersion = 15.0.27130.2036
MinimumVisualStudioVersion = 10.0.40219.1
Project("{FAE04EC0-301F-11D3-BF4B-00C04F79EFBC}") = "CheckOut.Android", "CheckOut\CheckOut.Android\CheckOut.Android.csproj", "{346C9D20-E6FD-4F96-AF59-704E33766D76}"
EndProject
Project("{FAE04EC0-301F-11D3-BF4B-00C04F79EFBC}") = "CheckOut.iOS", "CheckOut\CheckOut.iOS\CheckOut.iOS.csproj", "{69439CAE-6CC9-4184-AA59-E1B830E504E0}"
EndProject
Project("{FAE04EC0-301F-11D3-BF4B-00C04F79EFBC}") = "CheckOut.UWP", "CheckOut\CheckOut.UWP\CheckOut.UWP.csproj", "{D3465DF2-4084-4414-BABA-5CEEADB69DF0}"
EndProject
Project("{FAE04EC0-301F-11D3-BF4B-00C04F79EFBC}") = "CheckOut", "CheckOut\CheckOut\CheckOut.csproj", "{70BD926B-C894-4E9B-A1EE-6703D63030C9}"
EndProject
Global
	GlobalSection(SolutionConfigurationPlatforms) = preSolution
		Ad-Hoc|Any CPU = Ad-Hoc|Any CPU
		Ad-Hoc|ARM = Ad-Hoc|ARM
		Ad-Hoc|iPhone = Ad-Hoc|iPhone
		Ad-Hoc|iPhoneSimulator = Ad-Hoc|iPhoneSimulator
		Ad-Hoc|x64 = Ad-Hoc|x64
		Ad-Hoc|x86 = Ad-Hoc|x86
		AppStore|Any CPU = AppStore|Any CPU
		AppStore|ARM = AppStore|ARM
		AppStore|iPhone = AppStore|iPhone
		AppStore|iPhoneSimulator = AppStore|iPhoneSimulator
		AppStore|x64 = AppStore|x64
		AppStore|x86 = AppStore|x86
		Debug|Any CPU = Debug|Any CPU
		Debug|ARM = Debug|ARM
		Debug|iPhone = Debug|iPhone
		Debug|iPhoneSimulator = Debug|iPhoneSimulator
		Debug|x64 = Debug|x64
		Debug|x86 = Debug|x86
		Release|Any CPU = Release|Any CPU
		Release|ARM = Release|ARM
		Release|iPhone = Release|iPhone
		Release|iPhoneSimulator = Release|iPhoneSimulator
		Release|x64 = Release|x64
		Release|x86 = Release|x86
	EndGlobalSection
	GlobalSection(ProjectConfigurationPlatforms) = postSolution
		{346C9D20-E6FD-4F96-AF59-704E33766D76}.Ad-Hoc|Any CPU.ActiveCfg = Release|Any CPU
		{346C9D20-E6FD-4F96-AF59-704E33766D76}.Ad-Hoc|Any CPU.Build.0 = Release|Any CPU
		{346C9D20-E6FD-4F96-AF59-704E33766D76}.Ad-Hoc|Any CPU.Deploy.0 = Release|Any CPU
		{346C9D20-E6FD-4F96-AF59-704E33766D76}.Ad-Hoc|ARM.ActiveCfg = Release|Any CPU
		{346C9D20-E6FD-4F96-AF59-704E33766D76}.Ad-Hoc|ARM.Build.0 = Release|Any CPU
		{346C9D20-E6FD-4F96-AF59-704E33766D76}.Ad-Hoc|ARM.Deploy.0 = Release|Any CPU
		{346C9D20-E6FD-4F96-AF59-704E33766D76}.Ad-Hoc|iPhone.ActiveCfg = Release|Any CPU
		{346C9D20-E6FD-4F96-AF59-704E33766D76}.Ad-Hoc|iPhone.Build.0 = Release|Any CPU
		{346C9D20-E6FD-4F96-AF59-704E33766D76}.Ad-Hoc|iPhone.Deploy.0 = Release|Any CPU
		{346C9D20-E6FD-4F96-AF59-704E33766D76}.Ad-Hoc|iPhoneSimulator.ActiveCfg = Release|Any CPU
		{346C9D20-E6FD-4F96-AF59-704E33766D76}.Ad-Hoc|iPhoneSimulator.Build.0 = Release|Any CPU
		{346C9D20-E6FD-4F96-AF59-704E33766D76}.Ad-Hoc|iPhoneSimulator.Deploy.0 = Release|Any CPU
		{346C9D20-E6FD-4F96-AF59-704E33766D76}.Ad-Hoc|x64.ActiveCfg = Release|Any CPU
		{346C9D20-E6FD-4F96-AF59-704E33766D76}.Ad-Hoc|x64.Build.0 = Release|Any CPU
		{346C9D20-E6FD-4F96-AF59-704E33766D76}.Ad-Hoc|x64.Deploy.0 = Release|Any CPU
		{346C9D20-E6FD-4F96-AF59-704E33766D76}.Ad-Hoc|x86.ActiveCfg = Release|Any CPU
		{346C9D20-E6FD-4F96-AF59-704E33766D76}.Ad-Hoc|x86.Build.0 = Release|Any CPU
		{346C9D20-E6FD-4F96-AF59-704E33766D76}.Ad-Hoc|x86.Deploy.0 = Release|Any CPU
		{346C9D20-E6FD-4F96-AF59-704E33766D76}.AppStore|Any CPU.ActiveCfg = Release|Any CPU
		{346C9D20-E6FD-4F96-AF59-704E33766D76}.AppStore|Any CPU.Build.0 = Release|Any CPU
		{346C9D20-E6FD-4F96-AF59-704E33766D76}.AppStore|Any CPU.Deploy.0 = Release|Any CPU
		{346C9D20-E6FD-4F96-AF59-704E33766D76}.AppStore|ARM.ActiveCfg = Release|Any CPU
		{346C9D20-E6FD-4F96-AF59-704E33766D76}.AppStore|ARM.Build.0 = Release|Any CPU
		{346C9D20-E6FD-4F96-AF59-704E33766D76}.AppStore|ARM.Deploy.0 = Release|Any CPU
		{346C9D20-E6FD-4F96-AF59-704E33766D76}.AppStore|iPhone.ActiveCfg = Release|Any CPU
		{346C9D20-E6FD-4F96-AF59-704E33766D76}.AppStore|iPhone.Build.0 = Release|Any CPU
		{346C9D20-E6FD-4F96-AF59-704E33766D76}.AppStore|iPhone.Deploy.0 = Release|Any CPU
		{346C9D20-E6FD-4F96-AF59-704E33766D76}.AppStore|iPhoneSimulator.ActiveCfg = Release|Any CPU
		{346C9D20-E6FD-4F96-AF59-704E33766D76}.AppStore|iPhoneSimulator.Build.0 = Release|Any CPU
		{346C9D20-E6FD-4F96-AF59-704E33766D76}.AppStore|iPhoneSimulator.Deploy.0 = Release|Any CPU
		{346C9D20-E6FD-4F96-AF59-704E33766D76}.AppStore|x64.ActiveCfg = Release|Any CPU
		{346C9D20-E6FD-4F96-AF59-704E33766D76}.AppStore|x64.Build.0 = Release|Any CPU
		{346C9D20-E6FD-4F96-AF59-704E33766D76}.AppStore|x64.Deploy.0 = Release|Any CPU
		{346C9D20-E6FD-4F96-AF59-704E33766D76}.AppStore|x86.ActiveCfg = Release|Any CPU
		{346C9D20-E6FD-4F96-AF59-704E33766D76}.AppStore|x86.Build.0 = Release|Any CPU
		{346C9D20-E6FD-4F96-AF59-704E33766D76}.AppStore|x86.Deploy.0 = Release|Any CPU
		{346C9D20-E6FD-4F96-AF59-704E33766D76}.Debug|Any CPU.ActiveCfg = Debug|Any CPU
		{346C9D20-E6FD-4F96-AF59-704E33766D76}.Debug|Any CPU.Build.0 = Debug|Any CPU
		{346C9D20-E6FD-4F96-AF59-704E33766D76}.Debug|Any CPU.Deploy.0 = Debug|Any CPU
		{346C9D20-E6FD-4F96-AF59-704E33766D76}.Debug|ARM.ActiveCfg = Debug|Any CPU
		{346C9D20-E6FD-4F96-AF59-704E33766D76}.Debug|ARM.Build.0 = Debug|Any CPU
		{346C9D20-E6FD-4F96-AF59-704E33766D76}.Debug|ARM.Deploy.0 = Debug|Any CPU
		{346C9D20-E6FD-4F96-AF59-704E33766D76}.Debug|iPhone.ActiveCfg = Debug|Any CPU
		{346C9D20-E6FD-4F96-AF59-704E33766D76}.Debug|iPhone.Build.0 = Debug|Any CPU
		{346C9D20-E6FD-4F96-AF59-704E33766D76}.Debug|iPhone.Deploy.0 = Debug|Any CPU
		{346C9D20-E6FD-4F96-AF59-704E33766D76}.Debug|iPhoneSimulator.ActiveCfg = Debug|Any CPU
		{346C9D20-E6FD-4F96-AF59-704E33766D76}.Debug|iPhoneSimulator.Build.0 = Debug|Any CPU
		{346C9D20-E6FD-4F96-AF59-704E33766D76}.Debug|iPhoneSimulator.Deploy.0 = Debug|Any CPU
		{346C9D20-E6FD-4F96-AF59-704E33766D76}.Debug|x64.ActiveCfg = Debug|Any CPU
		{346C9D20-E6FD-4F96-AF59-704E33766D76}.Debug|x64.Build.0 = Debug|Any CPU
		{346C9D20-E6FD-4F96-AF59-704E33766D76}.Debug|x64.Deploy.0 = Debug|Any CPU
		{346C9D20-E6FD-4F96-AF59-704E33766D76}.Debug|x86.ActiveCfg = Debug|Any CPU
		{346C9D20-E6FD-4F96-AF59-704E33766D76}.Debug|x86.Build.0 = Debug|Any CPU
		{346C9D20-E6FD-4F96-AF59-704E33766D76}.Debug|x86.Deploy.0 = Debug|Any CPU
		{346C9D20-E6FD-4F96-AF59-704E33766D76}.Release|Any CPU.ActiveCfg = Release|Any CPU
		{346C9D20-E6FD-4F96-AF59-704E33766D76}.Release|Any CPU.Build.0 = Release|Any CPU
		{346C9D20-E6FD-4F96-AF59-704E33766D76}.Release|Any CPU.Deploy.0 = Release|Any CPU
		{346C9D20-E6FD-4F96-AF59-704E33766D76}.Release|ARM.ActiveCfg = Release|Any CPU
		{346C9D20-E6FD-4F96-AF59-704E33766D76}.Release|ARM.Build.0 = Release|Any CPU
		{346C9D20-E6FD-4F96-AF59-704E33766D76}.Release|ARM.Deploy.0 = Release|Any CPU
		{346C9D20-E6FD-4F96-AF59-704E33766D76}.Release|iPhone.ActiveCfg = Release|Any CPU
		{346C9D20-E6FD-4F96-AF59-704E33766D76}.Release|iPhone.Build.0 = Release|Any CPU
		{346C9D20-E6FD-4F96-AF59-704E33766D76}.Release|iPhone.Deploy.0 = Release|Any CPU
		{346C9D20-E6FD-4F96-AF59-704E33766D76}.Release|iPhoneSimulator.ActiveCfg = Release|Any CPU
		{346C9D20-E6FD-4F96-AF59-704E33766D76}.Release|iPhoneSimulator.Build.0 = Release|Any CPU
		{346C9D20-E6FD-4F96-AF59-704E33766D76}.Release|iPhoneSimulator.Deploy.0 = Release|Any CPU
		{346C9D20-E6FD-4F96-AF59-704E33766D76}.Release|x64.ActiveCfg = Release|Any CPU
		{346C9D20-E6FD-4F96-AF59-704E33766D76}.Release|x64.Build.0 = Release|Any CPU
		{346C9D20-E6FD-4F96-AF59-704E33766D76}.Release|x64.Deploy.0 = Release|Any CPU
		{346C9D20-E6FD-4F96-AF59-704E33766D76}.Release|x86.ActiveCfg = Release|Any CPU
		{346C9D20-E6FD-4F96-AF59-704E33766D76}.Release|x86.Build.0 = Release|Any CPU
		{346C9D20-E6FD-4F96-AF59-704E33766D76}.Release|x86.Deploy.0 = Release|Any CPU
		{69439CAE-6CC9-4184-AA59-E1B830E504E0}.Ad-Hoc|Any CPU.ActiveCfg = Ad-Hoc|iPhone
		{69439CAE-6CC9-4184-AA59-E1B830E504E0}.Ad-Hoc|ARM.ActiveCfg = Ad-Hoc|iPhone
		{69439CAE-6CC9-4184-AA59-E1B830E504E0}.Ad-Hoc|iPhone.ActiveCfg = Ad-Hoc|iPhone
		{69439CAE-6CC9-4184-AA59-E1B830E504E0}.Ad-Hoc|iPhone.Build.0 = Ad-Hoc|iPhone
		{69439CAE-6CC9-4184-AA59-E1B830E504E0}.Ad-Hoc|iPhoneSimulator.ActiveCfg = Ad-Hoc|iPhoneSimulator
		{69439CAE-6CC9-4184-AA59-E1B830E504E0}.Ad-Hoc|iPhoneSimulator.Build.0 = Ad-Hoc|iPhoneSimulator
		{69439CAE-6CC9-4184-AA59-E1B830E504E0}.Ad-Hoc|x64.ActiveCfg = Ad-Hoc|iPhone
		{69439CAE-6CC9-4184-AA59-E1B830E504E0}.Ad-Hoc|x86.ActiveCfg = Ad-Hoc|iPhone
		{69439CAE-6CC9-4184-AA59-E1B830E504E0}.AppStore|Any CPU.ActiveCfg = AppStore|iPhone
		{69439CAE-6CC9-4184-AA59-E1B830E504E0}.AppStore|ARM.ActiveCfg = AppStore|iPhone
		{69439CAE-6CC9-4184-AA59-E1B830E504E0}.AppStore|iPhone.ActiveCfg = AppStore|iPhone
		{69439CAE-6CC9-4184-AA59-E1B830E504E0}.AppStore|iPhone.Build.0 = AppStore|iPhone
		{69439CAE-6CC9-4184-AA59-E1B830E504E0}.AppStore|iPhoneSimulator.ActiveCfg = AppStore|iPhoneSimulator
		{69439CAE-6CC9-4184-AA59-E1B830E504E0}.AppStore|iPhoneSimulator.Build.0 = AppStore|iPhoneSimulator
		{69439CAE-6CC9-4184-AA59-E1B830E504E0}.AppStore|x64.ActiveCfg = AppStore|iPhone
		{69439CAE-6CC9-4184-AA59-E1B830E504E0}.AppStore|x86.ActiveCfg = AppStore|iPhone
		{69439CAE-6CC9-4184-AA59-E1B830E504E0}.Debug|Any CPU.ActiveCfg = Debug|iPhone
		{69439CAE-6CC9-4184-AA59-E1B830E504E0}.Debug|ARM.ActiveCfg = Debug|iPhone
		{69439CAE-6CC9-4184-AA59-E1B830E504E0}.Debug|iPhone.ActiveCfg = Debug|iPhone
		{69439CAE-6CC9-4184-AA59-E1B830E504E0}.Debug|iPhone.Build.0 = Debug|iPhone
		{69439CAE-6CC9-4184-AA59-E1B830E504E0}.Debug|iPhoneSimulator.ActiveCfg = Debug|iPhoneSimulator
		{69439CAE-6CC9-4184-AA59-E1B830E504E0}.Debug|iPhoneSimulator.Build.0 = Debug|iPhoneSimulator
		{69439CAE-6CC9-4184-AA59-E1B830E504E0}.Debug|x64.ActiveCfg = Debug|iPhone
		{69439CAE-6CC9-4184-AA59-E1B830E504E0}.Debug|x86.ActiveCfg = Debug|iPhone
		{69439CAE-6CC9-4184-AA59-E1B830E504E0}.Release|Any CPU.ActiveCfg = Release|iPhone
		{69439CAE-6CC9-4184-AA59-E1B830E504E0}.Release|ARM.ActiveCfg = Release|iPhone
		{69439CAE-6CC9-4184-AA59-E1B830E504E0}.Release|iPhone.ActiveCfg = Release|iPhone
		{69439CAE-6CC9-4184-AA59-E1B830E504E0}.Release|iPhone.Build.0 = Release|iPhone
		{69439CAE-6CC9-4184-AA59-E1B830E504E0}.Release|iPhoneSimulator.ActiveCfg = Release|iPhoneSimulator
		{69439CAE-6CC9-4184-AA59-E1B830E504E0}.Release|iPhoneSimulator.Build.0 = Release|iPhoneSimulator
		{69439CAE-6CC9-4184-AA59-E1B830E504E0}.Release|x64.ActiveCfg = Release|iPhone
		{69439CAE-6CC9-4184-AA59-E1B830E504E0}.Release|x86.ActiveCfg = Release|iPhone
		{D3465DF2-4084-4414-BABA-5CEEADB69DF0}.Ad-Hoc|Any CPU.ActiveCfg = Release|x86
		{D3465DF2-4084-4414-BABA-5CEEADB69DF0}.Ad-Hoc|Any CPU.Build.0 = Release|x86
		{D3465DF2-4084-4414-BABA-5CEEADB69DF0}.Ad-Hoc|Any CPU.Deploy.0 = Release|x86
		{D3465DF2-4084-4414-BABA-5CEEADB69DF0}.Ad-Hoc|ARM.ActiveCfg = Release|ARM
		{D3465DF2-4084-4414-BABA-5CEEADB69DF0}.Ad-Hoc|ARM.Build.0 = Release|ARM
		{D3465DF2-4084-4414-BABA-5CEEADB69DF0}.Ad-Hoc|ARM.Deploy.0 = Release|ARM
		{D3465DF2-4084-4414-BABA-5CEEADB69DF0}.Ad-Hoc|iPhone.ActiveCfg = Release|x86
		{D3465DF2-4084-4414-BABA-5CEEADB69DF0}.Ad-Hoc|iPhone.Build.0 = Release|x86
		{D3465DF2-4084-4414-BABA-5CEEADB69DF0}.Ad-Hoc|iPhone.Deploy.0 = Release|x86
		{D3465DF2-4084-4414-BABA-5CEEADB69DF0}.Ad-Hoc|iPhoneSimulator.ActiveCfg = Release|x86
		{D3465DF2-4084-4414-BABA-5CEEADB69DF0}.Ad-Hoc|iPhoneSimulator.Build.0 = Release|x86
		{D3465DF2-4084-4414-BABA-5CEEADB69DF0}.Ad-Hoc|iPhoneSimulator.Deploy.0 = Release|x86
		{D3465DF2-4084-4414-BABA-5CEEADB69DF0}.Ad-Hoc|x64.ActiveCfg = Release|x64
		{D3465DF2-4084-4414-BABA-5CEEADB69DF0}.Ad-Hoc|x64.Build.0 = Release|x64
		{D3465DF2-4084-4414-BABA-5CEEADB69DF0}.Ad-Hoc|x64.Deploy.0 = Release|x64
		{D3465DF2-4084-4414-BABA-5CEEADB69DF0}.Ad-Hoc|x86.ActiveCfg = Release|x86
		{D3465DF2-4084-4414-BABA-5CEEADB69DF0}.Ad-Hoc|x86.Build.0 = Release|x86
		{D3465DF2-4084-4414-BABA-5CEEADB69DF0}.Ad-Hoc|x86.Deploy.0 = Release|x86
		{D3465DF2-4084-4414-BABA-5CEEADB69DF0}.AppStore|Any CPU.ActiveCfg = Release|x86
		{D3465DF2-4084-4414-BABA-5CEEADB69DF0}.AppStore|Any CPU.Build.0 = Release|x86
		{D3465DF2-4084-4414-BABA-5CEEADB69DF0}.AppStore|Any CPU.Deploy.0 = Release|x86
		{D3465DF2-4084-4414-BABA-5CEEADB69DF0}.AppStore|ARM.ActiveCfg = Release|ARM
		{D3465DF2-4084-4414-BABA-5CEEADB69DF0}.AppStore|ARM.Build.0 = Release|ARM
		{D3465DF2-4084-4414-BABA-5CEEADB69DF0}.AppStore|ARM.Deploy.0 = Release|ARM
		{D3465DF2-4084-4414-BABA-5CEEADB69DF0}.AppStore|iPhone.ActiveCfg = Release|x86
		{D3465DF2-4084-4414-BABA-5CEEADB69DF0}.AppStore|iPhone.Build.0 = Release|x86
		{D3465DF2-4084-4414-BABA-5CEEADB69DF0}.AppStore|iPhone.Deploy.0 = Release|x86
		{D3465DF2-4084-4414-BABA-5CEEADB69DF0}.AppStore|iPhoneSimulator.ActiveCfg = Release|x86
		{D3465DF2-4084-4414-BABA-5CEEADB69DF0}.AppStore|iPhoneSimulator.Build.0 = Release|x86
		{D3465DF2-4084-4414-BABA-5CEEADB69DF0}.AppStore|iPhoneSimulator.Deploy.0 = Release|x86
		{D3465DF2-4084-4414-BABA-5CEEADB69DF0}.AppStore|x64.ActiveCfg = Release|x64
		{D3465DF2-4084-4414-BABA-5CEEADB69DF0}.AppStore|x64.Build.0 = Release|x64
		{D3465DF2-4084-4414-BABA-5CEEADB69DF0}.AppStore|x64.Deploy.0 = Release|x64
		{D3465DF2-4084-4414-BABA-5CEEADB69DF0}.AppStore|x86.ActiveCfg = Release|x86
		{D3465DF2-4084-4414-BABA-5CEEADB69DF0}.AppStore|x86.Build.0 = Release|x86
		{D3465DF2-4084-4414-BABA-5CEEADB69DF0}.AppStore|x86.Deploy.0 = Release|x86
		{D3465DF2-4084-4414-BABA-5CEEADB69DF0}.Debug|Any CPU.ActiveCfg = Debug|x86
		{D3465DF2-4084-4414-BABA-5CEEADB69DF0}.Debug|ARM.ActiveCfg = Debug|ARM
		{D3465DF2-4084-4414-BABA-5CEEADB69DF0}.Debug|ARM.Build.0 = Debug|ARM
		{D3465DF2-4084-4414-BABA-5CEEADB69DF0}.Debug|ARM.Deploy.0 = Debug|ARM
		{D3465DF2-4084-4414-BABA-5CEEADB69DF0}.Debug|iPhone.ActiveCfg = Debug|x86
		{D3465DF2-4084-4414-BABA-5CEEADB69DF0}.Debug|iPhoneSimulator.ActiveCfg = Debug|x86
		{D3465DF2-4084-4414-BABA-5CEEADB69DF0}.Debug|x64.ActiveCfg = Debug|x64
		{D3465DF2-4084-4414-BABA-5CEEADB69DF0}.Debug|x64.Build.0 = Debug|x64
		{D3465DF2-4084-4414-BABA-5CEEADB69DF0}.Debug|x64.Deploy.0 = Debug|x64
		{D3465DF2-4084-4414-BABA-5CEEADB69DF0}.Debug|x86.ActiveCfg = Debug|x86
		{D3465DF2-4084-4414-BABA-5CEEADB69DF0}.Debug|x86.Build.0 = Debug|x86
		{D3465DF2-4084-4414-BABA-5CEEADB69DF0}.Debug|x86.Deploy.0 = Debug|x86
		{D3465DF2-4084-4414-BABA-5CEEADB69DF0}.Release|Any CPU.ActiveCfg = Release|x86
		{D3465DF2-4084-4414-BABA-5CEEADB69DF0}.Release|ARM.ActiveCfg = Release|ARM
		{D3465DF2-4084-4414-BABA-5CEEADB69DF0}.Release|ARM.Build.0 = Release|ARM
		{D3465DF2-4084-4414-BABA-5CEEADB69DF0}.Release|ARM.Deploy.0 = Release|ARM
		{D3465DF2-4084-4414-BABA-5CEEADB69DF0}.Release|iPhone.ActiveCfg = Release|x86
		{D3465DF2-4084-4414-BABA-5CEEADB69DF0}.Release|iPhoneSimulator.ActiveCfg = Release|x86
		{D3465DF2-4084-4414-BABA-5CEEADB69DF0}.Release|x64.ActiveCfg = Release|x64
		{D3465DF2-4084-4414-BABA-5CEEADB69DF0}.Release|x64.Build.0 = Release|x64
		{D3465DF2-4084-4414-BABA-5CEEADB69DF0}.Release|x64.Deploy.0 = Release|x64
		{D3465DF2-4084-4414-BABA-5CEEADB69DF0}.Release|x86.ActiveCfg = Release|x86
		{D3465DF2-4084-4414-BABA-5CEEADB69DF0}.Release|x86.Build.0 = Release|x86
		{D3465DF2-4084-4414-BABA-5CEEADB69DF0}.Release|x86.Deploy.0 = Release|x86
		{70BD926B-C894-4E9B-A1EE-6703D63030C9}.Ad-Hoc|Any CPU.ActiveCfg = Debug|Any CPU
		{70BD926B-C894-4E9B-A1EE-6703D63030C9}.Ad-Hoc|Any CPU.Build.0 = Debug|Any CPU
		{70BD926B-C894-4E9B-A1EE-6703D63030C9}.Ad-Hoc|ARM.ActiveCfg = Debug|Any CPU
		{70BD926B-C894-4E9B-A1EE-6703D63030C9}.Ad-Hoc|ARM.Build.0 = Debug|Any CPU
		{70BD926B-C894-4E9B-A1EE-6703D63030C9}.Ad-Hoc|iPhone.ActiveCfg = Debug|Any CPU
		{70BD926B-C894-4E9B-A1EE-6703D63030C9}.Ad-Hoc|iPhone.Build.0 = Debug|Any CPU
		{70BD926B-C894-4E9B-A1EE-6703D63030C9}.Ad-Hoc|iPhoneSimulator.ActiveCfg = Debug|Any CPU
		{70BD926B-C894-4E9B-A1EE-6703D63030C9}.Ad-Hoc|iPhoneSimulator.Build.0 = Debug|Any CPU
		{70BD926B-C894-4E9B-A1EE-6703D63030C9}.Ad-Hoc|x64.ActiveCfg = Debug|Any CPU
		{70BD926B-C894-4E9B-A1EE-6703D63030C9}.Ad-Hoc|x64.Build.0 = Debug|Any CPU
		{70BD926B-C894-4E9B-A1EE-6703D63030C9}.Ad-Hoc|x86.ActiveCfg = Debug|Any CPU
		{70BD926B-C894-4E9B-A1EE-6703D63030C9}.Ad-Hoc|x86.Build.0 = Debug|Any CPU
		{70BD926B-C894-4E9B-A1EE-6703D63030C9}.AppStore|Any CPU.ActiveCfg = Debug|Any CPU
		{70BD926B-C894-4E9B-A1EE-6703D63030C9}.AppStore|Any CPU.Build.0 = Debug|Any CPU
		{70BD926B-C894-4E9B-A1EE-6703D63030C9}.AppStore|ARM.ActiveCfg = Debug|Any CPU
		{70BD926B-C894-4E9B-A1EE-6703D63030C9}.AppStore|ARM.Build.0 = Debug|Any CPU
		{70BD926B-C894-4E9B-A1EE-6703D63030C9}.AppStore|iPhone.ActiveCfg = Debug|Any CPU
		{70BD926B-C894-4E9B-A1EE-6703D63030C9}.AppStore|iPhone.Build.0 = Debug|Any CPU
		{70BD926B-C894-4E9B-A1EE-6703D63030C9}.AppStore|iPhoneSimulator.ActiveCfg = Debug|Any CPU
		{70BD926B-C894-4E9B-A1EE-6703D63030C9}.AppStore|iPhoneSimulator.Build.0 = Debug|Any CPU
		{70BD926B-C894-4E9B-A1EE-6703D63030C9}.AppStore|x64.ActiveCfg = Debug|Any CPU
		{70BD926B-C894-4E9B-A1EE-6703D63030C9}.AppStore|x64.Build.0 = Debug|Any CPU
		{70BD926B-C894-4E9B-A1EE-6703D63030C9}.AppStore|x86.ActiveCfg = Debug|Any CPU
		{70BD926B-C894-4E9B-A1EE-6703D63030C9}.AppStore|x86.Build.0 = Debug|Any CPU
		{70BD926B-C894-4E9B-A1EE-6703D63030C9}.Debug|Any CPU.ActiveCfg = Debug|Any CPU
		{70BD926B-C894-4E9B-A1EE-6703D63030C9}.Debug|Any CPU.Build.0 = Debug|Any CPU
		{70BD926B-C894-4E9B-A1EE-6703D63030C9}.Debug|ARM.ActiveCfg = Debug|Any CPU
		{70BD926B-C894-4E9B-A1EE-6703D63030C9}.Debug|ARM.Build.0 = Debug|Any CPU
		{70BD926B-C894-4E9B-A1EE-6703D63030C9}.Debug|iPhone.ActiveCfg = Debug|Any CPU
		{70BD926B-C894-4E9B-A1EE-6703D63030C9}.Debug|iPhone.Build.0 = Debug|Any CPU
		{70BD926B-C894-4E9B-A1EE-6703D63030C9}.Debug|iPhoneSimulator.ActiveCfg = Debug|Any CPU
		{70BD926B-C894-4E9B-A1EE-6703D63030C9}.Debug|iPhoneSimulator.Build.0 = Debug|Any CPU
		{70BD926B-C894-4E9B-A1EE-6703D63030C9}.Debug|x64.ActiveCfg = Debug|Any CPU
		{70BD926B-C894-4E9B-A1EE-6703D63030C9}.Debug|x64.Build.0 = Debug|Any CPU
		{70BD926B-C894-4E9B-A1EE-6703D63030C9}.Debug|x86.ActiveCfg = Debug|Any CPU
		{70BD926B-C894-4E9B-A1EE-6703D63030C9}.Debug|x86.Build.0 = Debug|Any CPU
		{70BD926B-C894-4E9B-A1EE-6703D63030C9}.Release|Any CPU.ActiveCfg = Release|Any CPU
		{70BD926B-C894-4E9B-A1EE-6703D63030C9}.Release|Any CPU.Build.0 = Release|Any CPU
		{70BD926B-C894-4E9B-A1EE-6703D63030C9}.Release|ARM.ActiveCfg = Release|Any CPU
		{70BD926B-C894-4E9B-A1EE-6703D63030C9}.Release|ARM.Build.0 = Release|Any CPU
		{70BD926B-C894-4E9B-A1EE-6703D63030C9}.Release|iPhone.ActiveCfg = Release|Any CPU
		{70BD926B-C894-4E9B-A1EE-6703D63030C9}.Release|iPhone.Build.0 = Release|Any CPU
		{70BD926B-C894-4E9B-A1EE-6703D63030C9}.Release|iPhoneSimulator.ActiveCfg = Release|Any CPU
		{70BD926B-C894-4E9B-A1EE-6703D63030C9}.Release|iPhoneSimulator.Build.0 = Release|Any CPU
		{70BD926B-C894-4E9B-A1EE-6703D63030C9}.Release|x64.ActiveCfg = Release|Any CPU
		{70BD926B-C894-4E9B-A1EE-6703D63030C9}.Release|x64.Build.0 = Release|Any CPU
		{70BD926B-C894-4E9B-A1EE-6703D63030C9}.Release|x86.ActiveCfg = Release|Any CPU
		{70BD926B-C894-4E9B-A1EE-6703D63030C9}.Release|x86.Build.0 = Release|Any CPU
	EndGlobalSection
	GlobalSection(SolutionProperties) = preSolution
		HideSolutionNode = FALSE
	EndGlobalSection
	GlobalSection(ExtensibilityGlobals) = postSolution
		SolutionGuid = {F55664CE-A353-4CDA-80A9-5FDB12305C09}
	EndGlobalSection
EndGlobal
